
Microsoft Visual Studio Solution File, Format Version 12.00
# Visual Studio 2012
# SharpDevelop 5.1
VisualStudioVersion = 12.0.20827.3
MinimumVisualStudioVersion = 10.0.40219.1
Project("{FAE04EC0-301F-11D3-BF4B-00C04F79EFBC}") = "Database.Infrastructure", "Database.Infrastructure.csproj", "{9B96EAA8-6056-418F-A3B2-1D81B952E6D5}"
EndProject
Project("{FAE04EC0-301F-11D3-BF4B-00C04F79EFBC}") = "ORM.Dapper", "..\ORM.Dapper\ORM.Dapper.csproj", "{5CB34BFA-871A-4397-91A2-758565895718}"
EndProject
Global
	GlobalSection(SolutionConfigurationPlatforms) = preSolution
		Debug|Any CPU = Debug|Any CPU
		Release|Any CPU = Release|Any CPU
	EndGlobalSection
	GlobalSection(ProjectConfigurationPlatforms) = postSolution
		{9B96EAA8-6056-418F-A3B2-1D81B952E6D5}.Debug|Any CPU.ActiveCfg = Debug|Any CPU
		{9B96EAA8-6056-418F-A3B2-1D81B952E6D5}.Debug|Any CPU.Build.0 = Debug|Any CPU
		{9B96EAA8-6056-418F-A3B2-1D81B952E6D5}.Release|Any CPU.ActiveCfg = Release|Any CPU
		{9B96EAA8-6056-418F-A3B2-1D81B952E6D5}.Release|Any CPU.Build.0 = Release|Any CPU
		{5CB34BFA-871A-4397-91A2-758565895718}.Debug|Any CPU.ActiveCfg = Debug|Any CPU
		{5CB34BFA-871A-4397-91A2-758565895718}.Debug|Any CPU.Build.0 = Debug|Any CPU
		{5CB34BFA-871A-4397-91A2-758565895718}.Release|Any CPU.ActiveCfg = Release|Any CPU
		{5CB34BFA-871A-4397-91A2-758565895718}.Release|Any CPU.Build.0 = Release|Any CPU
	EndGlobalSection
EndGlobal
